// !$*UTF8*$!
{
	archiveVersion = 1;
	classes = {
	};
	objectVersion = 45;
	objects = {

/* Begin PBXBuildFile section */
		EA03810A13B25F4300A31FF7 /* PHPublisherMetadataRequestTest.m in Sources */ = {isa = PBXBuildFile; fileRef = EA03810913B25F4300A31FF7 /* PHPublisherMetadataRequestTest.m */; };
		EA03810F13B26A1A00A31FF7 /* PHPublisherMetadataRequest.m in Sources */ = {isa = PBXBuildFile; fileRef = EA03810E13B26A1A00A31FF7 /* PHPublisherMetadataRequest.m */; };
		EA03811313B26FF500A31FF7 /* PHNotificationViewTest.m in Sources */ = {isa = PBXBuildFile; fileRef = EA03811213B26FF500A31FF7 /* PHNotificationViewTest.m */; };
		EA03811613B272C400A31FF7 /* PHNotificationView.m in Sources */ = {isa = PBXBuildFile; fileRef = EA03811513B272C400A31FF7 /* PHNotificationView.m */; };
		EA03811713B272C400A31FF7 /* PHNotificationView.m in Sources */ = {isa = PBXBuildFile; fileRef = EA03811513B272C400A31FF7 /* PHNotificationView.m */; };
		EA03811813B272FB00A31FF7 /* PHPublisherMetadataRequest.m in Sources */ = {isa = PBXBuildFile; fileRef = EA03810E13B26A1A00A31FF7 /* PHPublisherMetadataRequest.m */; };
		EA03811B13B298AF00A31FF7 /* PHNotificationRenderer.m in Sources */ = {isa = PBXBuildFile; fileRef = EA03811A13B298AF00A31FF7 /* PHNotificationRenderer.m */; };
		EA03811C13B298AF00A31FF7 /* PHNotificationRenderer.m in Sources */ = {isa = PBXBuildFile; fileRef = EA03811A13B298AF00A31FF7 /* PHNotificationRenderer.m */; };
		EA03811F13B2A0F200A31FF7 /* PHNotificationBadgeRenderer.m in Sources */ = {isa = PBXBuildFile; fileRef = EA03811E13B2A0F200A31FF7 /* PHNotificationBadgeRenderer.m */; };
		EA03812013B2A0F200A31FF7 /* PHNotificationBadgeRenderer.m in Sources */ = {isa = PBXBuildFile; fileRef = EA03811E13B2A0F200A31FF7 /* PHNotificationBadgeRenderer.m */; };
		EA0BB5DF13463C00007F95FA /* PHContentView.m in Sources */ = {isa = PBXBuildFile; fileRef = EA0BB5DD13463C00007F95FA /* PHContentView.m */; };
		EA12ABD51365DBB700CB2F24 /* UIKit.framework in Frameworks */ = {isa = PBXBuildFile; fileRef = 1DF5F4DF0D08C38300B7A737 /* UIKit.framework */; };
		EA12ABD61365DBB700CB2F24 /* Foundation.framework in Frameworks */ = {isa = PBXBuildFile; fileRef = 1D30AB110D05D00D00671497 /* Foundation.framework */; };
		EA12ABD71365DBB700CB2F24 /* CoreGraphics.framework in Frameworks */ = {isa = PBXBuildFile; fileRef = 288765FC0DF74451002DB57D /* CoreGraphics.framework */; };
		EA12ABDD1365DBB700CB2F24 /* InfoPlist.strings in Resources */ = {isa = PBXBuildFile; fileRef = EA12ABDB1365DBB700CB2F24 /* InfoPlist.strings */; };
		EA12ABE01365DBB700CB2F24 /* main.m in Sources */ = {isa = PBXBuildFile; fileRef = EA12ABDF1365DBB700CB2F24 /* main.m */; };
		EA12ABE31365DBB700CB2F24 /* AppDelegate.m in Sources */ = {isa = PBXBuildFile; fileRef = EA12ABE21365DBB700CB2F24 /* AppDelegate.m */; };
		EA12ABE61365DBB700CB2F24 /* MainWindow.xib in Resources */ = {isa = PBXBuildFile; fileRef = EA12ABE41365DBB700CB2F24 /* MainWindow.xib */; };
		EA12ABE91365DBB700CB2F24 /* RootViewController.m in Sources */ = {isa = PBXBuildFile; fileRef = EA12ABE81365DBB700CB2F24 /* RootViewController.m */; };
		EA12ABEC1365DBB700CB2F24 /* RootViewController.xib in Resources */ = {isa = PBXBuildFile; fileRef = EA12ABEA1365DBB700CB2F24 /* RootViewController.xib */; };
		EA12AC151365DE1300CB2F24 /* NSObject+SBJSON.m in Sources */ = {isa = PBXBuildFile; fileRef = EAB44260134539F4000DA3E9 /* NSObject+SBJSON.m */; };
		EA12AC161365DE1300CB2F24 /* NSString+SBJSON.m in Sources */ = {isa = PBXBuildFile; fileRef = EAB44262134539F4000DA3E9 /* NSString+SBJSON.m */; };
		EA12AC171365DE1300CB2F24 /* SBJsonBase.m in Sources */ = {isa = PBXBuildFile; fileRef = EAB44264134539F4000DA3E9 /* SBJsonBase.m */; };
		EA12AC181365DE1300CB2F24 /* SBJsonParser.m in Sources */ = {isa = PBXBuildFile; fileRef = EAB44266134539F4000DA3E9 /* SBJsonParser.m */; };
		EA12AC191365DE1300CB2F24 /* SBJsonWriter.m in Sources */ = {isa = PBXBuildFile; fileRef = EAB44268134539F4000DA3E9 /* SBJsonWriter.m */; };
		EA12AC1A1365DE1300CB2F24 /* NSObject+QueryComponents.m in Sources */ = {isa = PBXBuildFile; fileRef = EAC53A92134E5F7A00F2F956 /* NSObject+QueryComponents.m */; };
		EA12AC1B1365DE1300CB2F24 /* UIDevice+HardwareString.m in Sources */ = {isa = PBXBuildFile; fileRef = EA4ABA0F135F859D0062AE77 /* UIDevice+HardwareString.m */; };
		EA12AC1C1365DE1300CB2F24 /* PHURLLoader.m in Sources */ = {isa = PBXBuildFile; fileRef = EA4C1910134E84D300755983 /* PHURLLoader.m */; };
		EA12AC1D1365DE1300CB2F24 /* PHAPIRequest.m in Sources */ = {isa = PBXBuildFile; fileRef = EA523DB21343F7BA0057DEA5 /* PHAPIRequest.m */; };
		EA12AC1E1365DE1300CB2F24 /* PHStringUtil.m in Sources */ = {isa = PBXBuildFile; fileRef = EA523D901343EE790057DEA5 /* PHStringUtil.m */; };
		EA12AC1F1365DE1300CB2F24 /* PHURLLoaderView.m in Sources */ = {isa = PBXBuildFile; fileRef = EA4C1914134E8D6200755983 /* PHURLLoaderView.m */; };
		EA12AC201365DE1300CB2F24 /* PHContent.m in Sources */ = {isa = PBXBuildFile; fileRef = EAB4429513454F34000DA3E9 /* PHContent.m */; };
		EA12AC211365DE1300CB2F24 /* PHContentView.m in Sources */ = {isa = PBXBuildFile; fileRef = EA0BB5DD13463C00007F95FA /* PHContentView.m */; };
		EA12AC221365DE1300CB2F24 /* PHPublisherContentRequest.m in Sources */ = {isa = PBXBuildFile; fileRef = EAED519E134B949D00D0DCB6 /* PHPublisherContentRequest.m */; };
		EA12AC231365DE1300CB2F24 /* PHContentWebView.m in Sources */ = {isa = PBXBuildFile; fileRef = EA7EE5FE134D458A00A0ADE6 /* PHContentWebView.m */; };
		EA12AC241365DE1300CB2F24 /* PHPublisherPromosRequest.m in Sources */ = {isa = PBXBuildFile; fileRef = EA6EA1ED135F6D77000123B0 /* PHPublisherPromosRequest.m */; };
		EA12AC251365DE1300CB2F24 /* PHPublisherOpenRequest.m in Sources */ = {isa = PBXBuildFile; fileRef = EA523D8E1343EE790057DEA5 /* PHPublisherOpenRequest.m */; };
		EA12AC281365DE7F00CB2F24 /* PlayHaven.bundle in Resources */ = {isa = PBXBuildFile; fileRef = EAC90957135E2FCB00375013 /* PlayHaven.bundle */; };
		EA12AC3C13662AD700CB2F24 /* ExampleViewController.m in Sources */ = {isa = PBXBuildFile; fileRef = EA12AC3B13662AD700CB2F24 /* ExampleViewController.m */; };
		EA12AC3F13662DC400CB2F24 /* PublisherOpenViewController.m in Sources */ = {isa = PBXBuildFile; fileRef = EA12AC3E13662DC400CB2F24 /* PublisherOpenViewController.m */; };
		EA12AC451366339D00CB2F24 /* PublisherContentViewController.m in Sources */ = {isa = PBXBuildFile; fileRef = EA12AC441366339D00CB2F24 /* PublisherContentViewController.m */; };
		EA4ABA11135F859D0062AE77 /* UIDevice+HardwareString.m in Sources */ = {isa = PBXBuildFile; fileRef = EA4ABA0F135F859D0062AE77 /* UIDevice+HardwareString.m */; };
		EA4C1912134E84D300755983 /* PHURLLoader.m in Sources */ = {isa = PBXBuildFile; fileRef = EA4C1910134E84D300755983 /* PHURLLoader.m */; };
		EA4C1916134E8D6200755983 /* PHURLLoaderView.m in Sources */ = {isa = PBXBuildFile; fileRef = EA4C1914134E8D6200755983 /* PHURLLoaderView.m */; };
		EA523D8B1343EE670057DEA5 /* PHPublisherOpenRequestTest.m in Sources */ = {isa = PBXBuildFile; fileRef = EA523D8A1343EE670057DEA5 /* PHPublisherOpenRequestTest.m */; };
		EA523D9B1343EEDA0057DEA5 /* PHPublisherOpenRequest.m in Sources */ = {isa = PBXBuildFile; fileRef = EA523D8E1343EE790057DEA5 /* PHPublisherOpenRequest.m */; };
		EA523D9E1343EEED0057DEA5 /* PHStringUtil.m in Sources */ = {isa = PBXBuildFile; fileRef = EA523D901343EE790057DEA5 /* PHStringUtil.m */; };
		EA523DC51343F9740057DEA5 /* PHAPIRequest.m in Sources */ = {isa = PBXBuildFile; fileRef = EA523DB21343F7BA0057DEA5 /* PHAPIRequest.m */; };
		EA523DD6134403AF0057DEA5 /* PHPublisherContentRequestTest.m in Sources */ = {isa = PBXBuildFile; fileRef = EA523DD5134403AF0057DEA5 /* PHPublisherContentRequestTest.m */; };
		EA6EA1E8135F458E000123B0 /* PHPublisherTokensRequestTest.m in Sources */ = {isa = PBXBuildFile; fileRef = EA6EA1E7135F458E000123B0 /* PHPublisherTokensRequestTest.m */; };
		EA6EA1EF135F6D77000123B0 /* PHPublisherPromosRequest.m in Sources */ = {isa = PBXBuildFile; fileRef = EA6EA1ED135F6D77000123B0 /* PHPublisherPromosRequest.m */; };
		EA7BC61A13537F8700B4518D /* PHURLLoaderTest.m in Sources */ = {isa = PBXBuildFile; fileRef = EA7BC61813537F8700B4518D /* PHURLLoaderTest.m */; };
		EA7EE600134D458B00A0ADE6 /* PHContentWebView.m in Sources */ = {isa = PBXBuildFile; fileRef = EA7EE5FE134D458A00A0ADE6 /* PHContentWebView.m */; };
		EAB2B44713CBD172006D2391 /* PHReward.m in Sources */ = {isa = PBXBuildFile; fileRef = EAB2B44613CBD172006D2391 /* PHReward.m */; };
		EAB2B44813CBD172006D2391 /* PHReward.m in Sources */ = {isa = PBXBuildFile; fileRef = EAB2B44613CBD172006D2391 /* PHReward.m */; };
		EAB4423313452026000DA3E9 /* PHAPIRequestTest.m in Sources */ = {isa = PBXBuildFile; fileRef = EAB4423213452026000DA3E9 /* PHAPIRequestTest.m */; };
		EAB44269134539F4000DA3E9 /* NSObject+SBJSON.m in Sources */ = {isa = PBXBuildFile; fileRef = EAB44260134539F4000DA3E9 /* NSObject+SBJSON.m */; };
		EAB4426A134539F4000DA3E9 /* NSString+SBJSON.m in Sources */ = {isa = PBXBuildFile; fileRef = EAB44262134539F4000DA3E9 /* NSString+SBJSON.m */; };
		EAB4426B134539F4000DA3E9 /* SBJsonBase.m in Sources */ = {isa = PBXBuildFile; fileRef = EAB44264134539F4000DA3E9 /* SBJsonBase.m */; };
		EAB4426C134539F4000DA3E9 /* SBJsonParser.m in Sources */ = {isa = PBXBuildFile; fileRef = EAB44266134539F4000DA3E9 /* SBJsonParser.m */; };
		EAB4426D134539F4000DA3E9 /* SBJsonWriter.m in Sources */ = {isa = PBXBuildFile; fileRef = EAB44268134539F4000DA3E9 /* SBJsonWriter.m */; };
		EAB4429613454F34000DA3E9 /* PHContent.m in Sources */ = {isa = PBXBuildFile; fileRef = EAB4429513454F34000DA3E9 /* PHContent.m */; };
		EAB44397134554B3000DA3E9 /* Foundation.framework in Frameworks */ = {isa = PBXBuildFile; fileRef = 1D30AB110D05D00D00671497 /* Foundation.framework */; };
		EAB44398134554B3000DA3E9 /* UIKit.framework in Frameworks */ = {isa = PBXBuildFile; fileRef = 1DF5F4DF0D08C38300B7A737 /* UIKit.framework */; };
		EAB44399134554B3000DA3E9 /* CoreGraphics.framework in Frameworks */ = {isa = PBXBuildFile; fileRef = 288765FC0DF74451002DB57D /* CoreGraphics.framework */; };
		EAB4439A134554B3000DA3E9 /* QuartzCore.framework in Frameworks */ = {isa = PBXBuildFile; fileRef = EAB442A113455467000DA3E9 /* QuartzCore.framework */; };
		EAC53A94134E5F7A00F2F956 /* NSObject+QueryComponents.m in Sources */ = {isa = PBXBuildFile; fileRef = EAC53A92134E5F7A00F2F956 /* NSObject+QueryComponents.m */; };
		EAE0F5FC1385D1120062B950 /* PHPublisherSubContentRequest.m in Sources */ = {isa = PBXBuildFile; fileRef = EAE0F5FB1385D1120062B950 /* PHPublisherSubContentRequest.m */; };
		EAE0F5FD1385D1120062B950 /* PHPublisherSubContentRequest.m in Sources */ = {isa = PBXBuildFile; fileRef = EAE0F5FB1385D1120062B950 /* PHPublisherSubContentRequest.m */; };
		EAED51A0134B949D00D0DCB6 /* PHPublisherContentRequest.m in Sources */ = {isa = PBXBuildFile; fileRef = EAED519E134B949D00D0DCB6 /* PHPublisherContentRequest.m */; };
/* End PBXBuildFile section */

/* Begin PBXFileReference section */
		1D30AB110D05D00D00671497 /* Foundation.framework */ = {isa = PBXFileReference; lastKnownFileType = wrapper.framework; name = Foundation.framework; path = System/Library/Frameworks/Foundation.framework; sourceTree = SDKROOT; };
		1DF5F4DF0D08C38300B7A737 /* UIKit.framework */ = {isa = PBXFileReference; lastKnownFileType = wrapper.framework; name = UIKit.framework; path = System/Library/Frameworks/UIKit.framework; sourceTree = SDKROOT; };
		288765FC0DF74451002DB57D /* CoreGraphics.framework */ = {isa = PBXFileReference; lastKnownFileType = wrapper.framework; name = CoreGraphics.framework; path = System/Library/Frameworks/CoreGraphics.framework; sourceTree = SDKROOT; };
		EA03810913B25F4300A31FF7 /* PHPublisherMetadataRequestTest.m */ = {isa = PBXFileReference; fileEncoding = 4; lastKnownFileType = sourcecode.c.objc; path = PHPublisherMetadataRequestTest.m; sourceTree = "<group>"; };
		EA03810D13B26A1A00A31FF7 /* PHPublisherMetadataRequest.h */ = {isa = PBXFileReference; fileEncoding = 4; lastKnownFileType = sourcecode.c.h; path = PHPublisherMetadataRequest.h; sourceTree = "<group>"; };
		EA03810E13B26A1A00A31FF7 /* PHPublisherMetadataRequest.m */ = {isa = PBXFileReference; fileEncoding = 4; lastKnownFileType = sourcecode.c.objc; path = PHPublisherMetadataRequest.m; sourceTree = "<group>"; };
		EA03811213B26FF500A31FF7 /* PHNotificationViewTest.m */ = {isa = PBXFileReference; fileEncoding = 4; lastKnownFileType = sourcecode.c.objc; path = PHNotificationViewTest.m; sourceTree = "<group>"; };
		EA03811413B272C400A31FF7 /* PHNotificationView.h */ = {isa = PBXFileReference; fileEncoding = 4; lastKnownFileType = sourcecode.c.h; path = PHNotificationView.h; sourceTree = "<group>"; };
		EA03811513B272C400A31FF7 /* PHNotificationView.m */ = {isa = PBXFileReference; fileEncoding = 4; lastKnownFileType = sourcecode.c.objc; path = PHNotificationView.m; sourceTree = "<group>"; };
		EA03811913B298AF00A31FF7 /* PHNotificationRenderer.h */ = {isa = PBXFileReference; fileEncoding = 4; lastKnownFileType = sourcecode.c.h; path = PHNotificationRenderer.h; sourceTree = "<group>"; };
		EA03811A13B298AF00A31FF7 /* PHNotificationRenderer.m */ = {isa = PBXFileReference; fileEncoding = 4; lastKnownFileType = sourcecode.c.objc; path = PHNotificationRenderer.m; sourceTree = "<group>"; };
		EA03811D13B2A0F200A31FF7 /* PHNotificationBadgeRenderer.h */ = {isa = PBXFileReference; fileEncoding = 4; lastKnownFileType = sourcecode.c.h; path = PHNotificationBadgeRenderer.h; sourceTree = "<group>"; };
		EA03811E13B2A0F200A31FF7 /* PHNotificationBadgeRenderer.m */ = {isa = PBXFileReference; fileEncoding = 4; lastKnownFileType = sourcecode.c.objc; path = PHNotificationBadgeRenderer.m; sourceTree = "<group>"; };
		EA0BB5DC13463C00007F95FA /* PHContentView.h */ = {isa = PBXFileReference; fileEncoding = 4; lastKnownFileType = sourcecode.c.h; path = PHContentView.h; sourceTree = "<group>"; };
		EA0BB5DD13463C00007F95FA /* PHContentView.m */ = {isa = PBXFileReference; fileEncoding = 4; lastKnownFileType = sourcecode.c.objc; lineEnding = 0; path = PHContentView.m; sourceTree = "<group>"; xcLanguageSpecificationIdentifier = xcode.lang.objc; };
		EA12ABD31365DBB700CB2F24 /* Example.app */ = {isa = PBXFileReference; explicitFileType = wrapper.application; includeInIndex = 0; path = Example.app; sourceTree = BUILT_PRODUCTS_DIR; };
		EA12ABDA1365DBB700CB2F24 /* Info.plist */ = {isa = PBXFileReference; lastKnownFileType = text.plist.xml; path = Info.plist; sourceTree = "<group>"; };
		EA12ABDC1365DBB700CB2F24 /* en */ = {isa = PBXFileReference; lastKnownFileType = text.plist.strings; name = en; path = en.lproj/InfoPlist.strings; sourceTree = "<group>"; };
		EA12ABDF1365DBB700CB2F24 /* main.m */ = {isa = PBXFileReference; lastKnownFileType = sourcecode.c.objc; path = main.m; sourceTree = "<group>"; };
		EA12ABE11365DBB700CB2F24 /* AppDelegate.h */ = {isa = PBXFileReference; lastKnownFileType = sourcecode.c.h; path = AppDelegate.h; sourceTree = "<group>"; };
		EA12ABE21365DBB700CB2F24 /* AppDelegate.m */ = {isa = PBXFileReference; lastKnownFileType = sourcecode.c.objc; path = AppDelegate.m; sourceTree = "<group>"; };
		EA12ABE51365DBB700CB2F24 /* en */ = {isa = PBXFileReference; lastKnownFileType = file.xib; name = en; path = en.lproj/MainWindow.xib; sourceTree = "<group>"; };
		EA12ABE71365DBB700CB2F24 /* RootViewController.h */ = {isa = PBXFileReference; lastKnownFileType = sourcecode.c.h; path = RootViewController.h; sourceTree = "<group>"; };
		EA12ABE81365DBB700CB2F24 /* RootViewController.m */ = {isa = PBXFileReference; lastKnownFileType = sourcecode.c.objc; path = RootViewController.m; sourceTree = "<group>"; };
		EA12ABEB1365DBB700CB2F24 /* en */ = {isa = PBXFileReference; lastKnownFileType = file.xib; name = en; path = en.lproj/RootViewController.xib; sourceTree = "<group>"; };
		EA12AC3A13662AD700CB2F24 /* ExampleViewController.h */ = {isa = PBXFileReference; fileEncoding = 4; lastKnownFileType = sourcecode.c.h; path = ExampleViewController.h; sourceTree = "<group>"; };
		EA12AC3B13662AD700CB2F24 /* ExampleViewController.m */ = {isa = PBXFileReference; fileEncoding = 4; lastKnownFileType = sourcecode.c.objc; path = ExampleViewController.m; sourceTree = "<group>"; };
		EA12AC3D13662DC400CB2F24 /* PublisherOpenViewController.h */ = {isa = PBXFileReference; fileEncoding = 4; lastKnownFileType = sourcecode.c.h; path = PublisherOpenViewController.h; sourceTree = "<group>"; };
		EA12AC3E13662DC400CB2F24 /* PublisherOpenViewController.m */ = {isa = PBXFileReference; fileEncoding = 4; lastKnownFileType = sourcecode.c.objc; path = PublisherOpenViewController.m; sourceTree = "<group>"; };
		EA12AC431366339D00CB2F24 /* PublisherContentViewController.h */ = {isa = PBXFileReference; fileEncoding = 4; lastKnownFileType = sourcecode.c.h; path = PublisherContentViewController.h; sourceTree = "<group>"; };
		EA12AC441366339D00CB2F24 /* PublisherContentViewController.m */ = {isa = PBXFileReference; fileEncoding = 4; lastKnownFileType = sourcecode.c.objc; path = PublisherContentViewController.m; sourceTree = "<group>"; };
		EA12AC46136635F600CB2F24 /* Constants.h */ = {isa = PBXFileReference; fileEncoding = 4; lastKnownFileType = sourcecode.c.h; path = Constants.h; sourceTree = "<group>"; };
		EA14C6611342604000E228E0 /* Unit Tests.octest */ = {isa = PBXFileReference; explicitFileType = wrapper.cfbundle; includeInIndex = 0; path = "Unit Tests.octest"; sourceTree = BUILT_PRODUCTS_DIR; };
		EA4ABA0E135F859D0062AE77 /* UIDevice+HardwareString.h */ = {isa = PBXFileReference; fileEncoding = 4; lastKnownFileType = sourcecode.c.h; path = "UIDevice+HardwareString.h"; sourceTree = "<group>"; };
		EA4ABA0F135F859D0062AE77 /* UIDevice+HardwareString.m */ = {isa = PBXFileReference; fileEncoding = 4; lastKnownFileType = sourcecode.c.objc; path = "UIDevice+HardwareString.m"; sourceTree = "<group>"; };
		EA4C190F134E84D300755983 /* PHURLLoader.h */ = {isa = PBXFileReference; fileEncoding = 4; lastKnownFileType = sourcecode.c.h; path = PHURLLoader.h; sourceTree = "<group>"; };
		EA4C1910134E84D300755983 /* PHURLLoader.m */ = {isa = PBXFileReference; fileEncoding = 4; lastKnownFileType = sourcecode.c.objc; path = PHURLLoader.m; sourceTree = "<group>"; };
		EA4C1913134E8D6200755983 /* PHURLLoaderView.h */ = {isa = PBXFileReference; fileEncoding = 4; lastKnownFileType = sourcecode.c.h; path = PHURLLoaderView.h; sourceTree = "<group>"; };
		EA4C1914134E8D6200755983 /* PHURLLoaderView.m */ = {isa = PBXFileReference; fileEncoding = 4; lastKnownFileType = sourcecode.c.objc; path = PHURLLoaderView.m; sourceTree = "<group>"; };
		EA523D8A1343EE670057DEA5 /* PHPublisherOpenRequestTest.m */ = {isa = PBXFileReference; fileEncoding = 4; lastKnownFileType = sourcecode.c.objc; path = PHPublisherOpenRequestTest.m; sourceTree = "<group>"; };
		EA523D8D1343EE790057DEA5 /* PHPublisherOpenRequest.h */ = {isa = PBXFileReference; fileEncoding = 4; lastKnownFileType = sourcecode.c.h; path = PHPublisherOpenRequest.h; sourceTree = "<group>"; };
		EA523D8E1343EE790057DEA5 /* PHPublisherOpenRequest.m */ = {isa = PBXFileReference; fileEncoding = 4; lastKnownFileType = sourcecode.c.objc; path = PHPublisherOpenRequest.m; sourceTree = "<group>"; };
		EA523D8F1343EE790057DEA5 /* PHStringUtil.h */ = {isa = PBXFileReference; fileEncoding = 4; lastKnownFileType = sourcecode.c.h; path = PHStringUtil.h; sourceTree = "<group>"; };
		EA523D901343EE790057DEA5 /* PHStringUtil.m */ = {isa = PBXFileReference; fileEncoding = 4; lastKnownFileType = sourcecode.c.objc; path = PHStringUtil.m; sourceTree = "<group>"; };
		EA523DA81343F1C50057DEA5 /* README.markdown */ = {isa = PBXFileReference; fileEncoding = 4; lastKnownFileType = text; path = README.markdown; sourceTree = "<group>"; };
		EA523DB11343F7BA0057DEA5 /* PHAPIRequest.h */ = {isa = PBXFileReference; fileEncoding = 4; lastKnownFileType = sourcecode.c.h; path = PHAPIRequest.h; sourceTree = "<group>"; };
		EA523DB21343F7BA0057DEA5 /* PHAPIRequest.m */ = {isa = PBXFileReference; fileEncoding = 4; lastKnownFileType = sourcecode.c.objc; path = PHAPIRequest.m; sourceTree = "<group>"; };
		EA523DD5134403AF0057DEA5 /* PHPublisherContentRequestTest.m */ = {isa = PBXFileReference; fileEncoding = 4; lastKnownFileType = sourcecode.c.objc; lineEnding = 0; path = PHPublisherContentRequestTest.m; sourceTree = "<group>"; xcLanguageSpecificationIdentifier = xcode.lang.objc; };
		EA6031CD1361FFD6007B2BF5 /* PlayHavenSDK.h */ = {isa = PBXFileReference; fileEncoding = 4; lastKnownFileType = sourcecode.c.h; path = PlayHavenSDK.h; sourceTree = "<group>"; };
		EA6EA1E7135F458E000123B0 /* PHPublisherTokensRequestTest.m */ = {isa = PBXFileReference; fileEncoding = 4; lastKnownFileType = sourcecode.c.objc; path = PHPublisherTokensRequestTest.m; sourceTree = "<group>"; };
		EA6EA1EC135F6D77000123B0 /* PHPublisherPromosRequest.h */ = {isa = PBXFileReference; fileEncoding = 4; lastKnownFileType = sourcecode.c.h; path = PHPublisherPromosRequest.h; sourceTree = "<group>"; };
		EA6EA1ED135F6D77000123B0 /* PHPublisherPromosRequest.m */ = {isa = PBXFileReference; fileEncoding = 4; lastKnownFileType = sourcecode.c.objc; path = PHPublisherPromosRequest.m; sourceTree = "<group>"; };
		EA7BC61813537F8700B4518D /* PHURLLoaderTest.m */ = {isa = PBXFileReference; fileEncoding = 4; lastKnownFileType = sourcecode.c.objc; path = PHURLLoaderTest.m; sourceTree = "<group>"; };
		EA7EE5FD134D458A00A0ADE6 /* PHContentWebView.h */ = {isa = PBXFileReference; fileEncoding = 4; lastKnownFileType = sourcecode.c.h; path = PHContentWebView.h; sourceTree = "<group>"; };
		EA7EE5FE134D458A00A0ADE6 /* PHContentWebView.m */ = {isa = PBXFileReference; fileEncoding = 4; lastKnownFileType = sourcecode.c.objc; path = PHContentWebView.m; sourceTree = "<group>"; };
		EAB19C8C1357BA390067F27A /* PHConstants.h */ = {isa = PBXFileReference; fileEncoding = 4; lastKnownFileType = sourcecode.c.h; path = PHConstants.h; sourceTree = "<group>"; };
		EAB2B44513CBD172006D2391 /* PHReward.h */ = {isa = PBXFileReference; fileEncoding = 4; lastKnownFileType = sourcecode.c.h; path = PHReward.h; sourceTree = "<group>"; };
		EAB2B44613CBD172006D2391 /* PHReward.m */ = {isa = PBXFileReference; fileEncoding = 4; lastKnownFileType = sourcecode.c.objc; path = PHReward.m; sourceTree = "<group>"; };
		EAB4423213452026000DA3E9 /* PHAPIRequestTest.m */ = {isa = PBXFileReference; fileEncoding = 4; lastKnownFileType = sourcecode.c.objc; path = PHAPIRequestTest.m; sourceTree = "<group>"; };
		EAB4425E134539F4000DA3E9 /* JSON.h */ = {isa = PBXFileReference; fileEncoding = 4; lastKnownFileType = sourcecode.c.h; path = JSON.h; sourceTree = "<group>"; };
		EAB4425F134539F4000DA3E9 /* NSObject+SBJSON.h */ = {isa = PBXFileReference; fileEncoding = 4; lastKnownFileType = sourcecode.c.h; path = "NSObject+SBJSON.h"; sourceTree = "<group>"; };
		EAB44260134539F4000DA3E9 /* NSObject+SBJSON.m */ = {isa = PBXFileReference; fileEncoding = 4; lastKnownFileType = sourcecode.c.objc; path = "NSObject+SBJSON.m"; sourceTree = "<group>"; };
		EAB44261134539F4000DA3E9 /* NSString+SBJSON.h */ = {isa = PBXFileReference; fileEncoding = 4; lastKnownFileType = sourcecode.c.h; path = "NSString+SBJSON.h"; sourceTree = "<group>"; };
		EAB44262134539F4000DA3E9 /* NSString+SBJSON.m */ = {isa = PBXFileReference; fileEncoding = 4; lastKnownFileType = sourcecode.c.objc; path = "NSString+SBJSON.m"; sourceTree = "<group>"; };
		EAB44263134539F4000DA3E9 /* SBJsonBase.h */ = {isa = PBXFileReference; fileEncoding = 4; lastKnownFileType = sourcecode.c.h; path = SBJsonBase.h; sourceTree = "<group>"; };
		EAB44264134539F4000DA3E9 /* SBJsonBase.m */ = {isa = PBXFileReference; fileEncoding = 4; lastKnownFileType = sourcecode.c.objc; path = SBJsonBase.m; sourceTree = "<group>"; };
		EAB44265134539F4000DA3E9 /* SBJsonParser.h */ = {isa = PBXFileReference; fileEncoding = 4; lastKnownFileType = sourcecode.c.h; path = SBJsonParser.h; sourceTree = "<group>"; };
		EAB44266134539F4000DA3E9 /* SBJsonParser.m */ = {isa = PBXFileReference; fileEncoding = 4; lastKnownFileType = sourcecode.c.objc; path = SBJsonParser.m; sourceTree = "<group>"; };
		EAB44267134539F4000DA3E9 /* SBJsonWriter.h */ = {isa = PBXFileReference; fileEncoding = 4; lastKnownFileType = sourcecode.c.h; path = SBJsonWriter.h; sourceTree = "<group>"; };
		EAB44268134539F4000DA3E9 /* SBJsonWriter.m */ = {isa = PBXFileReference; fileEncoding = 4; lastKnownFileType = sourcecode.c.objc; path = SBJsonWriter.m; sourceTree = "<group>"; };
		EAB4429413454F34000DA3E9 /* PHContent.h */ = {isa = PBXFileReference; fileEncoding = 4; lastKnownFileType = sourcecode.c.h; lineEnding = 0; path = PHContent.h; sourceTree = "<group>"; xcLanguageSpecificationIdentifier = xcode.lang.objcpp; };
		EAB4429513454F34000DA3E9 /* PHContent.m */ = {isa = PBXFileReference; fileEncoding = 4; lastKnownFileType = sourcecode.c.objc; lineEnding = 0; path = PHContent.m; sourceTree = "<group>"; xcLanguageSpecificationIdentifier = xcode.lang.objc; };
		EAB442A113455467000DA3E9 /* QuartzCore.framework */ = {isa = PBXFileReference; lastKnownFileType = wrapper.framework; name = QuartzCore.framework; path = System/Library/Frameworks/QuartzCore.framework; sourceTree = SDKROOT; };
		EAC53A91134E5F7A00F2F956 /* NSObject+QueryComponents.h */ = {isa = PBXFileReference; fileEncoding = 4; lastKnownFileType = sourcecode.c.h; path = "NSObject+QueryComponents.h"; sourceTree = "<group>"; };
		EAC53A92134E5F7A00F2F956 /* NSObject+QueryComponents.m */ = {isa = PBXFileReference; fileEncoding = 4; lastKnownFileType = sourcecode.c.objc; path = "NSObject+QueryComponents.m"; sourceTree = "<group>"; };
		EAC90957135E2FCB00375013 /* PlayHaven.bundle */ = {isa = PBXFileReference; lastKnownFileType = "wrapper.plug-in"; path = PlayHaven.bundle; sourceTree = "<group>"; };
		EAE0F5FA1385D1120062B950 /* PHPublisherSubContentRequest.h */ = {isa = PBXFileReference; fileEncoding = 4; lastKnownFileType = sourcecode.c.h; path = PHPublisherSubContentRequest.h; sourceTree = "<group>"; };
		EAE0F5FB1385D1120062B950 /* PHPublisherSubContentRequest.m */ = {isa = PBXFileReference; fileEncoding = 4; lastKnownFileType = sourcecode.c.objc; path = PHPublisherSubContentRequest.m; sourceTree = "<group>"; };
		EAED519D134B949D00D0DCB6 /* PHPublisherContentRequest.h */ = {isa = PBXFileReference; fileEncoding = 4; lastKnownFileType = sourcecode.c.h; path = PHPublisherContentRequest.h; sourceTree = "<group>"; };
		EAED519E134B949D00D0DCB6 /* PHPublisherContentRequest.m */ = {isa = PBXFileReference; fileEncoding = 4; lastKnownFileType = sourcecode.c.objc; path = PHPublisherContentRequest.m; sourceTree = "<group>"; };
/* End PBXFileReference section */

/* Begin PBXFrameworksBuildPhase section */
		EA12ABD01365DBB700CB2F24 /* Frameworks */ = {
			isa = PBXFrameworksBuildPhase;
			buildActionMask = 2147483647;
			files = (
				EA12ABD51365DBB700CB2F24 /* UIKit.framework in Frameworks */,
				EA12ABD61365DBB700CB2F24 /* Foundation.framework in Frameworks */,
				EA12ABD71365DBB700CB2F24 /* CoreGraphics.framework in Frameworks */,
			);
			runOnlyForDeploymentPostprocessing = 0;
		};
		EA14C65E1342604000E228E0 /* Frameworks */ = {
			isa = PBXFrameworksBuildPhase;
			buildActionMask = 2147483647;
			files = (
				EAB44397134554B3000DA3E9 /* Foundation.framework in Frameworks */,
				EAB44398134554B3000DA3E9 /* UIKit.framework in Frameworks */,
				EAB44399134554B3000DA3E9 /* CoreGraphics.framework in Frameworks */,
				EAB4439A134554B3000DA3E9 /* QuartzCore.framework in Frameworks */,
			);
			runOnlyForDeploymentPostprocessing = 0;
		};
/* End PBXFrameworksBuildPhase section */

/* Begin PBXGroup section */
		19C28FACFE9D520D11CA2CBB /* Products */ = {
			isa = PBXGroup;
			children = (
				EA14C6611342604000E228E0 /* Unit Tests.octest */,
				EA12ABD31365DBB700CB2F24 /* Example.app */,
			);
			name = Products;
			sourceTree = "<group>";
		};
		29B97314FDCFA39411CA2CEA /* CustomTemplate */ = {
			isa = PBXGroup;
			children = (
				EA523DA81343F1C50057DEA5 /* README.markdown */,
				EA6031CC1361FEE7007B2BF5 /* PlayHaven SDK */,
				EA523D891343EE670057DEA5 /* tests */,
				EA12ABD81365DBB700CB2F24 /* example */,
				29B97323FDCFA39411CA2CEA /* Frameworks */,
				19C28FACFE9D520D11CA2CBB /* Products */,
			);
			name = CustomTemplate;
			sourceTree = "<group>";
		};
		29B97323FDCFA39411CA2CEA /* Frameworks */ = {
			isa = PBXGroup;
			children = (
				1DF5F4DF0D08C38300B7A737 /* UIKit.framework */,
				1D30AB110D05D00D00671497 /* Foundation.framework */,
				288765FC0DF74451002DB57D /* CoreGraphics.framework */,
				EAB442A113455467000DA3E9 /* QuartzCore.framework */,
			);
			name = Frameworks;
			sourceTree = "<group>";
		};
		EA03810C13B2630200A31FF7 /* Metadata */ = {
			isa = PBXGroup;
			children = (
				EA03810D13B26A1A00A31FF7 /* PHPublisherMetadataRequest.h */,
				EA03810E13B26A1A00A31FF7 /* PHPublisherMetadataRequest.m */,
				EA03811413B272C400A31FF7 /* PHNotificationView.h */,
				EA03811513B272C400A31FF7 /* PHNotificationView.m */,
				EA03811913B298AF00A31FF7 /* PHNotificationRenderer.h */,
				EA03811A13B298AF00A31FF7 /* PHNotificationRenderer.m */,
				EA03811D13B2A0F200A31FF7 /* PHNotificationBadgeRenderer.h */,
				EA03811E13B2A0F200A31FF7 /* PHNotificationBadgeRenderer.m */,
			);
			name = Metadata;
			sourceTree = "<group>";
		};
		EA12ABD81365DBB700CB2F24 /* example */ = {
			isa = PBXGroup;
			children = (
				EA12ABE11365DBB700CB2F24 /* AppDelegate.h */,
				EA12ABE21365DBB700CB2F24 /* AppDelegate.m */,
				EA12ABE41365DBB700CB2F24 /* MainWindow.xib */,
				EA12ABE71365DBB700CB2F24 /* RootViewController.h */,
				EA12ABE81365DBB700CB2F24 /* RootViewController.m */,
				EA12ABEA1365DBB700CB2F24 /* RootViewController.xib */,
				EA12ABD91365DBB700CB2F24 /* Supporting Files */,
				EA12AC3A13662AD700CB2F24 /* ExampleViewController.h */,
				EA12AC3B13662AD700CB2F24 /* ExampleViewController.m */,
				EA12AC3D13662DC400CB2F24 /* PublisherOpenViewController.h */,
				EA12AC3E13662DC400CB2F24 /* PublisherOpenViewController.m */,
				EA12AC431366339D00CB2F24 /* PublisherContentViewController.h */,
				EA12AC441366339D00CB2F24 /* PublisherContentViewController.m */,
				EA12AC46136635F600CB2F24 /* Constants.h */,
			);
			path = example;
			sourceTree = "<group>";
		};
		EA12ABD91365DBB700CB2F24 /* Supporting Files */ = {
			isa = PBXGroup;
			children = (
				EA12ABDA1365DBB700CB2F24 /* Info.plist */,
				EA12ABDB1365DBB700CB2F24 /* InfoPlist.strings */,
				EA12ABDF1365DBB700CB2F24 /* main.m */,
			);
			name = "Supporting Files";
			sourceTree = "<group>";
		};
		EA523D891343EE670057DEA5 /* tests */ = {
			isa = PBXGroup;
			children = (
				EA03811213B26FF500A31FF7 /* PHNotificationViewTest.m */,
				EA7BC61813537F8700B4518D /* PHURLLoaderTest.m */,
				EA523D8A1343EE670057DEA5 /* PHPublisherOpenRequestTest.m */,
				EA523DD5134403AF0057DEA5 /* PHPublisherContentRequestTest.m */,
				EAB4423213452026000DA3E9 /* PHAPIRequestTest.m */,
				EA6EA1E7135F458E000123B0 /* PHPublisherTokensRequestTest.m */,
				EA03810913B25F4300A31FF7 /* PHPublisherMetadataRequestTest.m */,
			);
			path = tests;
			sourceTree = "<group>";
		};
		EA523D8C1343EE790057DEA5 /* src */ = {
			isa = PBXGroup;
			children = (
				EAC53A90134E5F1700F2F956 /* Additions */,
				EA523D931343EE8E0057DEA5 /* Common */,
				EA523D941343EE9D0057DEA5 /* Publisher SDK */,
			);
			path = src;
			sourceTree = "<group>";
		};
		EA523D931343EE8E0057DEA5 /* Common */ = {
			isa = PBXGroup;
			children = (
				EA4C190F134E84D300755983 /* PHURLLoader.h */,
				EA4C1910134E84D300755983 /* PHURLLoader.m */,
				EA523DB11343F7BA0057DEA5 /* PHAPIRequest.h */,
				EA523DB21343F7BA0057DEA5 /* PHAPIRequest.m */,
				EA523D8F1343EE790057DEA5 /* PHStringUtil.h */,
				EA523D901343EE790057DEA5 /* PHStringUtil.m */,
				EA4C1913134E8D6200755983 /* PHURLLoaderView.h */,
				EA4C1914134E8D6200755983 /* PHURLLoaderView.m */,
				EAB19C8C1357BA390067F27A /* PHConstants.h */,
				EA6031CD1361FFD6007B2BF5 /* PlayHavenSDK.h */,
			);
			name = Common;
			sourceTree = "<group>";
		};
		EA523D941343EE9D0057DEA5 /* Publisher SDK */ = {
			isa = PBXGroup;
			children = (
				EA03810C13B2630200A31FF7 /* Metadata */,
				EAB4427913454EB8000DA3E9 /* Content */,
				EA6EA1EB135F6D5A000123B0 /* Promos */,
				EA523D951343EEA60057DEA5 /* Open */,
			);
			name = "Publisher SDK";
			sourceTree = "<group>";
		};
		EA523D951343EEA60057DEA5 /* Open */ = {
			isa = PBXGroup;
			children = (
				EA523D8D1343EE790057DEA5 /* PHPublisherOpenRequest.h */,
				EA523D8E1343EE790057DEA5 /* PHPublisherOpenRequest.m */,
			);
			name = Open;
			sourceTree = "<group>";
		};
		EA6031CC1361FEE7007B2BF5 /* PlayHaven SDK */ = {
			isa = PBXGroup;
			children = (
				EAC90957135E2FCB00375013 /* PlayHaven.bundle */,
				EAB4425D134539F4000DA3E9 /* JSON */,
				EA523D8C1343EE790057DEA5 /* src */,
			);
			name = "PlayHaven SDK";
			sourceTree = "<group>";
		};
		EA6EA1EB135F6D5A000123B0 /* Promos */ = {
			isa = PBXGroup;
			children = (
				EA6EA1EC135F6D77000123B0 /* PHPublisherPromosRequest.h */,
				EA6EA1ED135F6D77000123B0 /* PHPublisherPromosRequest.m */,
			);
			name = Promos;
			sourceTree = "<group>";
		};
		EAB4425D134539F4000DA3E9 /* JSON */ = {
			isa = PBXGroup;
			children = (
				EAB4425E134539F4000DA3E9 /* JSON.h */,
				EAB4425F134539F4000DA3E9 /* NSObject+SBJSON.h */,
				EAB44260134539F4000DA3E9 /* NSObject+SBJSON.m */,
				EAB44261134539F4000DA3E9 /* NSString+SBJSON.h */,
				EAB44262134539F4000DA3E9 /* NSString+SBJSON.m */,
				EAB44263134539F4000DA3E9 /* SBJsonBase.h */,
				EAB44264134539F4000DA3E9 /* SBJsonBase.m */,
				EAB44265134539F4000DA3E9 /* SBJsonParser.h */,
				EAB44266134539F4000DA3E9 /* SBJsonParser.m */,
				EAB44267134539F4000DA3E9 /* SBJsonWriter.h */,
				EAB44268134539F4000DA3E9 /* SBJsonWriter.m */,
			);
			path = JSON;
			sourceTree = "<group>";
		};
		EAB4427913454EB8000DA3E9 /* Content */ = {
			isa = PBXGroup;
			children = (
				EAE0F5FA1385D1120062B950 /* PHPublisherSubContentRequest.h */,
				EAE0F5FB1385D1120062B950 /* PHPublisherSubContentRequest.m */,
				EAB4429413454F34000DA3E9 /* PHContent.h */,
				EAB4429513454F34000DA3E9 /* PHContent.m */,
				EA0BB5DC13463C00007F95FA /* PHContentView.h */,
				EA0BB5DD13463C00007F95FA /* PHContentView.m */,
				EAED519D134B949D00D0DCB6 /* PHPublisherContentRequest.h */,
				EAED519E134B949D00D0DCB6 /* PHPublisherContentRequest.m */,
				EA7EE5FD134D458A00A0ADE6 /* PHContentWebView.h */,
				EA7EE5FE134D458A00A0ADE6 /* PHContentWebView.m */,
				EAB2B44513CBD172006D2391 /* PHReward.h */,
				EAB2B44613CBD172006D2391 /* PHReward.m */,
			);
			name = Content;
			sourceTree = "<group>";
		};
		EAC53A90134E5F1700F2F956 /* Additions */ = {
			isa = PBXGroup;
			children = (
				EAC53A91134E5F7A00F2F956 /* NSObject+QueryComponents.h */,
				EAC53A92134E5F7A00F2F956 /* NSObject+QueryComponents.m */,
				EA4ABA0E135F859D0062AE77 /* UIDevice+HardwareString.h */,
				EA4ABA0F135F859D0062AE77 /* UIDevice+HardwareString.m */,
			);
			name = Additions;
			sourceTree = "<group>";
		};
/* End PBXGroup section */

/* Begin PBXNativeTarget section */
		EA12ABD21365DBB700CB2F24 /* Example */ = {
			isa = PBXNativeTarget;
			buildConfigurationList = EA12ABED1365DBB700CB2F24 /* Build configuration list for PBXNativeTarget "Example" */;
			buildPhases = (
				EA12ABCF1365DBB700CB2F24 /* Sources */,
				EA12ABD01365DBB700CB2F24 /* Frameworks */,
				EA12ABD11365DBB700CB2F24 /* Resources */,
			);
			buildRules = (
			);
			dependencies = (
			);
			name = Example;
			productName = example;
			productReference = EA12ABD31365DBB700CB2F24 /* Example.app */;
			productType = "com.apple.product-type.application";
		};
		EA14C6601342604000E228E0 /* Unit Tests */ = {
			isa = PBXNativeTarget;
			buildConfigurationList = EA14C6651342604000E228E0 /* Build configuration list for PBXNativeTarget "Unit Tests" */;
			buildPhases = (
				EA14C65C1342604000E228E0 /* Resources */,
				EA14C65D1342604000E228E0 /* Sources */,
				EA14C65E1342604000E228E0 /* Frameworks */,
				EA14C65F1342604000E228E0 /* ShellScript */,
			);
			buildRules = (
			);
			dependencies = (
			);
			name = "Unit Tests";
			productName = "PlayHavenAds Unit Test";
			productReference = EA14C6611342604000E228E0 /* Unit Tests.octest */;
			productType = "com.apple.product-type.bundle";
		};
/* End PBXNativeTarget section */

/* Begin PBXProject section */
		29B97313FDCFA39411CA2CEA /* Project object */ = {
			isa = PBXProject;
			buildConfigurationList = C01FCF4E08A954540054247B /* Build configuration list for PBXProject "playhaven-sdk-ios" */;
			compatibilityVersion = "Xcode 3.1";
			developmentRegion = English;
			hasScannedForEncodings = 1;
			knownRegions = (
				English,
				Japanese,
				French,
				German,
				en,
			);
			mainGroup = 29B97314FDCFA39411CA2CEA /* CustomTemplate */;
			projectDirPath = "";
			projectRoot = "";
			targets = (
				EA14C6601342604000E228E0 /* Unit Tests */,
				EA12ABD21365DBB700CB2F24 /* Example */,
			);
		};
/* End PBXProject section */

/* Begin PBXResourcesBuildPhase section */
		EA12ABD11365DBB700CB2F24 /* Resources */ = {
			isa = PBXResourcesBuildPhase;
			buildActionMask = 2147483647;
			files = (
				EA12AC281365DE7F00CB2F24 /* PlayHaven.bundle in Resources */,
				EA12ABDD1365DBB700CB2F24 /* InfoPlist.strings in Resources */,
				EA12ABE61365DBB700CB2F24 /* MainWindow.xib in Resources */,
				EA12ABEC1365DBB700CB2F24 /* RootViewController.xib in Resources */,
			);
			runOnlyForDeploymentPostprocessing = 0;
		};
		EA14C65C1342604000E228E0 /* Resources */ = {
			isa = PBXResourcesBuildPhase;
			buildActionMask = 2147483647;
			files = (
			);
			runOnlyForDeploymentPostprocessing = 0;
		};
/* End PBXResourcesBuildPhase section */

/* Begin PBXShellScriptBuildPhase section */
		EA14C65F1342604000E228E0 /* ShellScript */ = {
			isa = PBXShellScriptBuildPhase;
			buildActionMask = 2147483647;
			files = (
			);
			inputPaths = (
			);
			outputPaths = (
			);
			runOnlyForDeploymentPostprocessing = 0;
			shellPath = /bin/sh;
			shellScript = "# Run the unit tests in this test bundle.\n\"${SYSTEM_DEVELOPER_DIR}/Tools/RunUnitTests\"\n";
		};
/* End PBXShellScriptBuildPhase section */

/* Begin PBXSourcesBuildPhase section */
		EA12ABCF1365DBB700CB2F24 /* Sources */ = {
			isa = PBXSourcesBuildPhase;
			buildActionMask = 2147483647;
			files = (
				EA03811813B272FB00A31FF7 /* PHPublisherMetadataRequest.m in Sources */,
				EA12ABE01365DBB700CB2F24 /* main.m in Sources */,
				EA12ABE31365DBB700CB2F24 /* AppDelegate.m in Sources */,
				EA12ABE91365DBB700CB2F24 /* RootViewController.m in Sources */,
				EA12AC151365DE1300CB2F24 /* NSObject+SBJSON.m in Sources */,
				EA12AC161365DE1300CB2F24 /* NSString+SBJSON.m in Sources */,
				EA12AC171365DE1300CB2F24 /* SBJsonBase.m in Sources */,
				EA12AC181365DE1300CB2F24 /* SBJsonParser.m in Sources */,
				EA12AC191365DE1300CB2F24 /* SBJsonWriter.m in Sources */,
				EA12AC1A1365DE1300CB2F24 /* NSObject+QueryComponents.m in Sources */,
				EA12AC1B1365DE1300CB2F24 /* UIDevice+HardwareString.m in Sources */,
				EA12AC1C1365DE1300CB2F24 /* PHURLLoader.m in Sources */,
				EA12AC1D1365DE1300CB2F24 /* PHAPIRequest.m in Sources */,
				EA12AC1E1365DE1300CB2F24 /* PHStringUtil.m in Sources */,
				EA12AC1F1365DE1300CB2F24 /* PHURLLoaderView.m in Sources */,
				EA12AC201365DE1300CB2F24 /* PHContent.m in Sources */,
				EA12AC211365DE1300CB2F24 /* PHContentView.m in Sources */,
				EA12AC221365DE1300CB2F24 /* PHPublisherContentRequest.m in Sources */,
				EA12AC231365DE1300CB2F24 /* PHContentWebView.m in Sources */,
				EA12AC241365DE1300CB2F24 /* PHPublisherPromosRequest.m in Sources */,
				EA12AC251365DE1300CB2F24 /* PHPublisherOpenRequest.m in Sources */,
				EA12AC3C13662AD700CB2F24 /* ExampleViewController.m in Sources */,
				EA12AC3F13662DC400CB2F24 /* PublisherOpenViewController.m in Sources */,
				EA12AC451366339D00CB2F24 /* PublisherContentViewController.m in Sources */,
				EAE0F5FD1385D1120062B950 /* PHPublisherSubContentRequest.m in Sources */,
				EA03811713B272C400A31FF7 /* PHNotificationView.m in Sources */,
				EA03811C13B298AF00A31FF7 /* PHNotificationRenderer.m in Sources */,
				EA03812013B2A0F200A31FF7 /* PHNotificationBadgeRenderer.m in Sources */,
				EAB2B44813CBD172006D2391 /* PHReward.m in Sources */,
			);
			runOnlyForDeploymentPostprocessing = 0;
		};
		EA14C65D1342604000E228E0 /* Sources */ = {
			isa = PBXSourcesBuildPhase;
			buildActionMask = 2147483647;
			files = (
				EA523D8B1343EE670057DEA5 /* PHPublisherOpenRequestTest.m in Sources */,
				EA523D9B1343EEDA0057DEA5 /* PHPublisherOpenRequest.m in Sources */,
				EA523D9E1343EEED0057DEA5 /* PHStringUtil.m in Sources */,
				EA523DC51343F9740057DEA5 /* PHAPIRequest.m in Sources */,
				EAB4423313452026000DA3E9 /* PHAPIRequestTest.m in Sources */,
				EAB44269134539F4000DA3E9 /* NSObject+SBJSON.m in Sources */,
				EAB4426A134539F4000DA3E9 /* NSString+SBJSON.m in Sources */,
				EAB4426B134539F4000DA3E9 /* SBJsonBase.m in Sources */,
				EAB4426C134539F4000DA3E9 /* SBJsonParser.m in Sources */,
				EAB4426D134539F4000DA3E9 /* SBJsonWriter.m in Sources */,
				EAB4429613454F34000DA3E9 /* PHContent.m in Sources */,
				EA0BB5DF13463C00007F95FA /* PHContentView.m in Sources */,
				EAED51A0134B949D00D0DCB6 /* PHPublisherContentRequest.m in Sources */,
				EA7EE600134D458B00A0ADE6 /* PHContentWebView.m in Sources */,
				EAC53A94134E5F7A00F2F956 /* NSObject+QueryComponents.m in Sources */,
				EA4C1912134E84D300755983 /* PHURLLoader.m in Sources */,
				EA4C1916134E8D6200755983 /* PHURLLoaderView.m in Sources */,
				EA7BC61A13537F8700B4518D /* PHURLLoaderTest.m in Sources */,
				EA6EA1E8135F458E000123B0 /* PHPublisherTokensRequestTest.m in Sources */,
				EA6EA1EF135F6D77000123B0 /* PHPublisherPromosRequest.m in Sources */,
				EA4ABA11135F859D0062AE77 /* UIDevice+HardwareString.m in Sources */,
				EAE0F5FC1385D1120062B950 /* PHPublisherSubContentRequest.m in Sources */,
				EA03810A13B25F4300A31FF7 /* PHPublisherMetadataRequestTest.m in Sources */,
				EA03810F13B26A1A00A31FF7 /* PHPublisherMetadataRequest.m in Sources */,
				EA03811313B26FF500A31FF7 /* PHNotificationViewTest.m in Sources */,
				EA03811613B272C400A31FF7 /* PHNotificationView.m in Sources */,
				EA03811B13B298AF00A31FF7 /* PHNotificationRenderer.m in Sources */,
				EA03811F13B2A0F200A31FF7 /* PHNotificationBadgeRenderer.m in Sources */,
				EA523DD6134403AF0057DEA5 /* PHPublisherContentRequestTest.m in Sources */,
				EAB2B44713CBD172006D2391 /* PHReward.m in Sources */,
			);
			runOnlyForDeploymentPostprocessing = 0;
		};
/* End PBXSourcesBuildPhase section */

/* Begin PBXVariantGroup section */
		EA12ABDB1365DBB700CB2F24 /* InfoPlist.strings */ = {
			isa = PBXVariantGroup;
			children = (
				EA12ABDC1365DBB700CB2F24 /* en */,
			);
			name = InfoPlist.strings;
			sourceTree = "<group>";
		};
		EA12ABE41365DBB700CB2F24 /* MainWindow.xib */ = {
			isa = PBXVariantGroup;
			children = (
				EA12ABE51365DBB700CB2F24 /* en */,
			);
			name = MainWindow.xib;
			sourceTree = "<group>";
		};
		EA12ABEA1365DBB700CB2F24 /* RootViewController.xib */ = {
			isa = PBXVariantGroup;
			children = (
				EA12ABEB1365DBB700CB2F24 /* en */,
			);
			name = RootViewController.xib;
			sourceTree = "<group>";
		};
/* End PBXVariantGroup section */

/* Begin XCBuildConfiguration section */
		C01FCF4F08A954540054247B /* Debug */ = {
			isa = XCBuildConfiguration;
			buildSettings = {
				ARCHS = "$(ARCHS_STANDARD_32_BIT)";
				"CODE_SIGN_IDENTITY[sdk=iphoneos*]" = "iPhone Developer";
				GCC_C_LANGUAGE_STANDARD = c99;
				GCC_WARN_ABOUT_RETURN_TYPE = YES;
				GCC_WARN_UNUSED_VARIABLE = YES;
				IPHONEOS_DEPLOYMENT_TARGET = 3.0;
				PREBINDING = NO;
				SDKROOT = iphoneos;
				TARGETED_DEVICE_FAMILY = "1,2";
			};
			name = Debug;
		};
		C01FCF5008A954540054247B /* Release */ = {
			isa = XCBuildConfiguration;
			buildSettings = {
				ARCHS = "$(ARCHS_STANDARD_32_BIT)";
				"CODE_SIGN_IDENTITY[sdk=iphoneos*]" = "iPhone Developer";
				GCC_C_LANGUAGE_STANDARD = c99;
				GCC_WARN_ABOUT_RETURN_TYPE = YES;
				GCC_WARN_UNUSED_VARIABLE = YES;
				IPHONEOS_DEPLOYMENT_TARGET = 3.0;
				OTHER_CFLAGS = "-DNS_BLOCK_ASSERTIONS=1";
				PREBINDING = NO;
				SDKROOT = iphoneos;
				TARGETED_DEVICE_FAMILY = "1,2";
			};
			name = Release;
		};
		EA12ABEE1365DBB700CB2F24 /* Debug */ = {
			isa = XCBuildConfiguration;
			buildSettings = {
				ALWAYS_SEARCH_USER_PATHS = NO;
				"CODE_SIGN_IDENTITY[sdk=iphoneos*]" = "iPhone Developer";
				COPY_PHASE_STRIP = NO;
				GCC_C_LANGUAGE_STANDARD = gnu99;
				GCC_DYNAMIC_NO_PIC = NO;
				GCC_OPTIMIZATION_LEVEL = 0;
				GCC_PRECOMPILE_PREFIX_HEADER = NO;
				GCC_SYMBOLS_PRIVATE_EXTERN = NO;
				GCC_VERSION = com.apple.compilers.llvmgcc42;
				INFOPLIST_FILE = example/Info.plist;
				IPHONEOS_DEPLOYMENT_TARGET = 3.0;
				PRODUCT_NAME = "$(TARGET_NAME)";
				WRAPPER_EXTENSION = app;
			};
			name = Debug;
		};
		EA12ABEF1365DBB700CB2F24 /* Release */ = {
			isa = XCBuildConfiguration;
			buildSettings = {
				ALWAYS_SEARCH_USER_PATHS = NO;
				"CODE_SIGN_IDENTITY[sdk=iphoneos*]" = "iPhone Developer";
				COPY_PHASE_STRIP = YES;
				GCC_C_LANGUAGE_STANDARD = gnu99;
				GCC_PRECOMPILE_PREFIX_HEADER = NO;
				GCC_VERSION = com.apple.compilers.llvmgcc42;
				INFOPLIST_FILE = example/Info.plist;
				IPHONEOS_DEPLOYMENT_TARGET = 3.0;
				PRODUCT_NAME = "$(TARGET_NAME)";
				VALIDATE_PRODUCT = YES;
				WRAPPER_EXTENSION = app;
			};
			name = Release;
		};
		EA14C6631342604000E228E0 /* Debug */ = {
			isa = XCBuildConfiguration;
			buildSettings = {
				ALWAYS_SEARCH_USER_PATHS = NO;
				"CODE_SIGN_IDENTITY[sdk=iphoneos*]" = "";
				COPY_PHASE_STRIP = NO;
				FRAMEWORK_SEARCH_PATHS = (
					"\"$(SDKROOT)/Developer/Library/Frameworks\"",
					"\"$(DEVELOPER_LIBRARY_DIR)/Frameworks\"",
				);
				GCC_DYNAMIC_NO_PIC = NO;
				GCC_ENABLE_FIX_AND_CONTINUE = NO;
				GCC_ENABLE_OBJC_EXCEPTIONS = YES;
				GCC_OPTIMIZATION_LEVEL = 0;
				INFOPLIST_FILE = tests/Info.plist;
				OTHER_LDFLAGS = (
					"-framework",
					Foundation,
					"-framework",
					SenTestingKit,
					"-framework",
					UIKit,
				);
				PREBINDING = NO;
				PRODUCT_NAME = "Unit Tests";
				SDKROOT = iphoneos;
				WRAPPER_EXTENSION = octest;
			};
			name = Debug;
		};
		EA14C6641342604000E228E0 /* Release */ = {
			isa = XCBuildConfiguration;
			buildSettings = {
				ALWAYS_SEARCH_USER_PATHS = NO;
				"CODE_SIGN_IDENTITY[sdk=iphoneos*]" = "";
				COPY_PHASE_STRIP = YES;
				DEBUG_INFORMATION_FORMAT = "dwarf-with-dsym";
				FRAMEWORK_SEARCH_PATHS = (
					"\"$(SDKROOT)/Developer/Library/Frameworks\"",
					"\"$(DEVELOPER_LIBRARY_DIR)/Frameworks\"",
				);
				GCC_ENABLE_FIX_AND_CONTINUE = NO;
				GCC_ENABLE_OBJC_EXCEPTIONS = YES;
				INFOPLIST_FILE = tests/Info.plist;
				OTHER_LDFLAGS = (
					"-framework",
					Foundation,
					"-framework",
					SenTestingKit,
					"-framework",
					UIKit,
				);
				PREBINDING = NO;
				PRODUCT_NAME = "Unit Tests";
				SDKROOT = iphoneos;
				WRAPPER_EXTENSION = octest;
				ZERO_LINK = NO;
			};
			name = Release;
		};
/* End XCBuildConfiguration section */

/* Begin XCConfigurationList section */
		C01FCF4E08A954540054247B /* Build configuration list for PBXProject "playhaven-sdk-ios" */ = {
			isa = XCConfigurationList;
			buildConfigurations = (
				C01FCF4F08A954540054247B /* Debug */,
				C01FCF5008A954540054247B /* Release */,
			);
			defaultConfigurationIsVisible = 0;
			defaultConfigurationName = Release;
		};
		EA12ABED1365DBB700CB2F24 /* Build configuration list for PBXNativeTarget "Example" */ = {
			isa = XCConfigurationList;
			buildConfigurations = (
				EA12ABEE1365DBB700CB2F24 /* Debug */,
				EA12ABEF1365DBB700CB2F24 /* Release */,
			);
			defaultConfigurationIsVisible = 0;
			defaultConfigurationName = Release;
		};
		EA14C6651342604000E228E0 /* Build configuration list for PBXNativeTarget "Unit Tests" */ = {
			isa = XCConfigurationList;
			buildConfigurations = (
				EA14C6631342604000E228E0 /* Debug */,
				EA14C6641342604000E228E0 /* Release */,
			);
			defaultConfigurationIsVisible = 0;
			defaultConfigurationName = Release;
		};
/* End XCConfigurationList section */
	};
	rootObject = 29B97313FDCFA39411CA2CEA /* Project object */;
}
